// !$*UTF8*$!
{
	archiveVersion = 1;
	classes = {
	};
	objectVersion = 46;
	objects = {

/* Begin PBXBuildFile section */
		C60CA4551DDD1F0900A2D06D /* DetailsViewController.swift in Sources */ = {isa = PBXBuildFile; fileRef = C60CA4541DDD1F0900A2D06D /* DetailsViewController.swift */; };
		C6748E121DDC98B4007DABF7 /* AppDelegate.swift in Sources */ = {isa = PBXBuildFile; fileRef = C6748E111DDC98B4007DABF7 /* AppDelegate.swift */; };
		C6748E141DDC98B4007DABF7 /* ViewController.swift in Sources */ = {isa = PBXBuildFile; fileRef = C6748E131DDC98B4007DABF7 /* ViewController.swift */; };
		C6748E171DDC98B5007DABF7 /* Main.storyboard in Resources */ = {isa = PBXBuildFile; fileRef = C6748E151DDC98B5007DABF7 /* Main.storyboard */; };
		C6748E1A1DDC98B5007DABF7 /* Systembolaget.xcdatamodeld in Sources */ = {isa = PBXBuildFile; fileRef = C6748E181DDC98B5007DABF7 /* Systembolaget.xcdatamodeld */; };
		C6748E1C1DDC98B5007DABF7 /* Assets.xcassets in Resources */ = {isa = PBXBuildFile; fileRef = C6748E1B1DDC98B5007DABF7 /* Assets.xcassets */; };
		C6748E1F1DDC98B5007DABF7 /* LaunchScreen.storyboard in Resources */ = {isa = PBXBuildFile; fileRef = C6748E1D1DDC98B5007DABF7 /* LaunchScreen.storyboard */; };
		C6748E2A1DDC98B5007DABF7 /* SystembolagetTests.swift in Sources */ = {isa = PBXBuildFile; fileRef = C6748E291DDC98B5007DABF7 /* SystembolagetTests.swift */; };
		C6748E351DDC98B5007DABF7 /* SystembolagetUITests.swift in Sources */ = {isa = PBXBuildFile; fileRef = C6748E341DDC98B5007DABF7 /* SystembolagetUITests.swift */; };
		C6748E4C1DDC9A06007DABF7 /* SystembolagetClient.swift in Sources */ = {isa = PBXBuildFile; fileRef = C6748E4B1DDC9A06007DABF7 /* SystembolagetClient.swift */; };
		C6748E4E1DDC9B76007DABF7 /* SystembolagetClient+Constants.swift in Sources */ = {isa = PBXBuildFile; fileRef = C6748E4D1DDC9B76007DABF7 /* SystembolagetClient+Constants.swift */; };
		C6748E681DDCAF18007DABF7 /* SMXMLDocumentResponseSerializer.m in Sources */ = {isa = PBXBuildFile; fileRef = C6748E561DDCAF17007DABF7 /* SMXMLDocumentResponseSerializer.m */; };
		C6748E691DDCAF18007DABF7 /* LICENSE in Resources */ = {isa = PBXBuildFile; fileRef = C6748E571DDCAF17007DABF7 /* LICENSE */; };
		C6748E6B1DDCAF18007DABF7 /* SMXMLDocument.m in Sources */ = {isa = PBXBuildFile; fileRef = C6748E5A1DDCAF17007DABF7 /* SMXMLDocument.m */; };
		C6748E891DDCB478007DABF7 /* AFHTTPSessionManager.m in Sources */ = {isa = PBXBuildFile; fileRef = C6748E7D1DDCB478007DABF7 /* AFHTTPSessionManager.m */; };
		C6748E8A1DDCB478007DABF7 /* AFNetworkReachabilityManager.m in Sources */ = {isa = PBXBuildFile; fileRef = C6748E801DDCB478007DABF7 /* AFNetworkReachabilityManager.m */; };
		C6748E8B1DDCB478007DABF7 /* AFSecurityPolicy.m in Sources */ = {isa = PBXBuildFile; fileRef = C6748E821DDCB478007DABF7 /* AFSecurityPolicy.m */; };
		C6748E8C1DDCB478007DABF7 /* AFURLRequestSerialization.m in Sources */ = {isa = PBXBuildFile; fileRef = C6748E841DDCB478007DABF7 /* AFURLRequestSerialization.m */; };
		C6748E8D1DDCB478007DABF7 /* AFURLResponseSerialization.m in Sources */ = {isa = PBXBuildFile; fileRef = C6748E861DDCB478007DABF7 /* AFURLResponseSerialization.m */; };
		C6748E8E1DDCB478007DABF7 /* AFURLSessionManager.m in Sources */ = {isa = PBXBuildFile; fileRef = C6748E881DDCB478007DABF7 /* AFURLSessionManager.m */; };
		C6748E901DDCBD4E007DABF7 /* Product.swift in Sources */ = {isa = PBXBuildFile; fileRef = C6748E8F1DDCBD4E007DABF7 /* Product.swift */; };
/* End PBXBuildFile section */

/* Begin PBXContainerItemProxy section */
		C6748E261DDC98B5007DABF7 /* PBXContainerItemProxy */ = {
			isa = PBXContainerItemProxy;
			containerPortal = C6748E061DDC98B3007DABF7 /* Project object */;
			proxyType = 1;
			remoteGlobalIDString = C6748E0D1DDC98B3007DABF7;
			remoteInfo = Systembolaget;
		};
		C6748E311DDC98B5007DABF7 /* PBXContainerItemProxy */ = {
			isa = PBXContainerItemProxy;
			containerPortal = C6748E061DDC98B3007DABF7 /* Project object */;
			proxyType = 1;
			remoteGlobalIDString = C6748E0D1DDC98B3007DABF7;
			remoteInfo = Systembolaget;
		};
/* End PBXContainerItemProxy section */

/* Begin PBXFileReference section */
		C60CA4541DDD1F0900A2D06D /* DetailsViewController.swift */ = {isa = PBXFileReference; fileEncoding = 4; lastKnownFileType = sourcecode.swift; path = DetailsViewController.swift; sourceTree = "<group>"; };
		C6748E0E1DDC98B4007DABF7 /* Systembolaget.app */ = {isa = PBXFileReference; explicitFileType = wrapper.application; includeInIndex = 0; path = Systembolaget.app; sourceTree = BUILT_PRODUCTS_DIR; };
		C6748E111DDC98B4007DABF7 /* AppDelegate.swift */ = {isa = PBXFileReference; lastKnownFileType = sourcecode.swift; path = AppDelegate.swift; sourceTree = "<group>"; };
		C6748E131DDC98B4007DABF7 /* ViewController.swift */ = {isa = PBXFileReference; lastKnownFileType = sourcecode.swift; path = ViewController.swift; sourceTree = "<group>"; };
		C6748E161DDC98B5007DABF7 /* Base */ = {isa = PBXFileReference; lastKnownFileType = file.storyboard; name = Base; path = Base.lproj/Main.storyboard; sourceTree = "<group>"; };
		C6748E191DDC98B5007DABF7 /* Systembolaget.xcdatamodel */ = {isa = PBXFileReference; lastKnownFileType = wrapper.xcdatamodel; path = Systembolaget.xcdatamodel; sourceTree = "<group>"; };
		C6748E1B1DDC98B5007DABF7 /* Assets.xcassets */ = {isa = PBXFileReference; lastKnownFileType = folder.assetcatalog; path = Assets.xcassets; sourceTree = "<group>"; };
		C6748E1E1DDC98B5007DABF7 /* Base */ = {isa = PBXFileReference; lastKnownFileType = file.storyboard; name = Base; path = Base.lproj/LaunchScreen.storyboard; sourceTree = "<group>"; };
		C6748E201DDC98B5007DABF7 /* Info.plist */ = {isa = PBXFileReference; lastKnownFileType = text.plist.xml; path = Info.plist; sourceTree = "<group>"; };
		C6748E251DDC98B5007DABF7 /* SystembolagetTests.xctest */ = {isa = PBXFileReference; explicitFileType = wrapper.cfbundle; includeInIndex = 0; path = SystembolagetTests.xctest; sourceTree = BUILT_PRODUCTS_DIR; };
		C6748E291DDC98B5007DABF7 /* SystembolagetTests.swift */ = {isa = PBXFileReference; lastKnownFileType = sourcecode.swift; path = SystembolagetTests.swift; sourceTree = "<group>"; };
		C6748E2B1DDC98B5007DABF7 /* Info.plist */ = {isa = PBXFileReference; lastKnownFileType = text.plist.xml; path = Info.plist; sourceTree = "<group>"; };
		C6748E301DDC98B5007DABF7 /* SystembolagetUITests.xctest */ = {isa = PBXFileReference; explicitFileType = wrapper.cfbundle; includeInIndex = 0; path = SystembolagetUITests.xctest; sourceTree = BUILT_PRODUCTS_DIR; };
		C6748E341DDC98B5007DABF7 /* SystembolagetUITests.swift */ = {isa = PBXFileReference; lastKnownFileType = sourcecode.swift; path = SystembolagetUITests.swift; sourceTree = "<group>"; };
		C6748E361DDC98B5007DABF7 /* Info.plist */ = {isa = PBXFileReference; lastKnownFileType = text.plist.xml; path = Info.plist; sourceTree = "<group>"; };
		C6748E4B1DDC9A06007DABF7 /* SystembolagetClient.swift */ = {isa = PBXFileReference; fileEncoding = 4; lastKnownFileType = sourcecode.swift; path = SystembolagetClient.swift; sourceTree = "<group>"; };
		C6748E4D1DDC9B76007DABF7 /* SystembolagetClient+Constants.swift */ = {isa = PBXFileReference; fileEncoding = 4; lastKnownFileType = sourcecode.swift; path = "SystembolagetClient+Constants.swift"; sourceTree = "<group>"; };
		C6748E551DDCAF17007DABF7 /* SMXMLDocumentResponseSerializer.h */ = {isa = PBXFileReference; fileEncoding = 4; lastKnownFileType = sourcecode.c.h; path = SMXMLDocumentResponseSerializer.h; sourceTree = "<group>"; };
		C6748E561DDCAF17007DABF7 /* SMXMLDocumentResponseSerializer.m */ = {isa = PBXFileReference; fileEncoding = 4; lastKnownFileType = sourcecode.c.objc; path = SMXMLDocumentResponseSerializer.m; sourceTree = "<group>"; };
		C6748E571DDCAF17007DABF7 /* LICENSE */ = {isa = PBXFileReference; fileEncoding = 4; lastKnownFileType = text; path = LICENSE; sourceTree = "<group>"; };
		C6748E591DDCAF17007DABF7 /* SMXMLDocument.h */ = {isa = PBXFileReference; fileEncoding = 4; lastKnownFileType = sourcecode.c.h; path = SMXMLDocument.h; sourceTree = "<group>"; };
		C6748E5A1DDCAF17007DABF7 /* SMXMLDocument.m */ = {isa = PBXFileReference; fileEncoding = 4; lastKnownFileType = sourcecode.c.objc; path = SMXMLDocument.m; sourceTree = "<group>"; };
		C6748E7A1DDCB04F007DABF7 /* Systembolaget-Bridging-Header.h */ = {isa = PBXFileReference; lastKnownFileType = sourcecode.c.h; path = "Systembolaget-Bridging-Header.h"; sourceTree = "<group>"; };
		C6748E7C1DDCB478007DABF7 /* AFHTTPSessionManager.h */ = {isa = PBXFileReference; fileEncoding = 4; lastKnownFileType = sourcecode.c.h; path = AFHTTPSessionManager.h; sourceTree = "<group>"; };
		C6748E7D1DDCB478007DABF7 /* AFHTTPSessionManager.m */ = {isa = PBXFileReference; fileEncoding = 4; lastKnownFileType = sourcecode.c.objc; path = AFHTTPSessionManager.m; sourceTree = "<group>"; };
		C6748E7E1DDCB478007DABF7 /* AFNetworking.h */ = {isa = PBXFileReference; fileEncoding = 4; lastKnownFileType = sourcecode.c.h; path = AFNetworking.h; sourceTree = "<group>"; };
		C6748E7F1DDCB478007DABF7 /* AFNetworkReachabilityManager.h */ = {isa = PBXFileReference; fileEncoding = 4; lastKnownFileType = sourcecode.c.h; path = AFNetworkReachabilityManager.h; sourceTree = "<group>"; };
		C6748E801DDCB478007DABF7 /* AFNetworkReachabilityManager.m */ = {isa = PBXFileReference; fileEncoding = 4; lastKnownFileType = sourcecode.c.objc; path = AFNetworkReachabilityManager.m; sourceTree = "<group>"; };
		C6748E811DDCB478007DABF7 /* AFSecurityPolicy.h */ = {isa = PBXFileReference; fileEncoding = 4; lastKnownFileType = sourcecode.c.h; path = AFSecurityPolicy.h; sourceTree = "<group>"; };
		C6748E821DDCB478007DABF7 /* AFSecurityPolicy.m */ = {isa = PBXFileReference; fileEncoding = 4; lastKnownFileType = sourcecode.c.objc; path = AFSecurityPolicy.m; sourceTree = "<group>"; };
		C6748E831DDCB478007DABF7 /* AFURLRequestSerialization.h */ = {isa = PBXFileReference; fileEncoding = 4; lastKnownFileType = sourcecode.c.h; path = AFURLRequestSerialization.h; sourceTree = "<group>"; };
		C6748E841DDCB478007DABF7 /* AFURLRequestSerialization.m */ = {isa = PBXFileReference; fileEncoding = 4; lastKnownFileType = sourcecode.c.objc; path = AFURLRequestSerialization.m; sourceTree = "<group>"; };
		C6748E851DDCB478007DABF7 /* AFURLResponseSerialization.h */ = {isa = PBXFileReference; fileEncoding = 4; lastKnownFileType = sourcecode.c.h; path = AFURLResponseSerialization.h; sourceTree = "<group>"; };
		C6748E861DDCB478007DABF7 /* AFURLResponseSerialization.m */ = {isa = PBXFileReference; fileEncoding = 4; lastKnownFileType = sourcecode.c.objc; path = AFURLResponseSerialization.m; sourceTree = "<group>"; };
		C6748E871DDCB478007DABF7 /* AFURLSessionManager.h */ = {isa = PBXFileReference; fileEncoding = 4; lastKnownFileType = sourcecode.c.h; path = AFURLSessionManager.h; sourceTree = "<group>"; };
		C6748E881DDCB478007DABF7 /* AFURLSessionManager.m */ = {isa = PBXFileReference; fileEncoding = 4; lastKnownFileType = sourcecode.c.objc; path = AFURLSessionManager.m; sourceTree = "<group>"; };
		C6748E8F1DDCBD4E007DABF7 /* Product.swift */ = {isa = PBXFileReference; fileEncoding = 4; lastKnownFileType = sourcecode.swift; path = Product.swift; sourceTree = "<group>"; };
/* End PBXFileReference section */

/* Begin PBXFrameworksBuildPhase section */
		C6748E0B1DDC98B3007DABF7 /* Frameworks */ = {
			isa = PBXFrameworksBuildPhase;
			buildActionMask = 2147483647;
			files = (
			);
			runOnlyForDeploymentPostprocessing = 0;
		};
		C6748E221DDC98B5007DABF7 /* Frameworks */ = {
			isa = PBXFrameworksBuildPhase;
			buildActionMask = 2147483647;
			files = (
			);
			runOnlyForDeploymentPostprocessing = 0;
		};
		C6748E2D1DDC98B5007DABF7 /* Frameworks */ = {
			isa = PBXFrameworksBuildPhase;
			buildActionMask = 2147483647;
			files = (
			);
			runOnlyForDeploymentPostprocessing = 0;
		};
/* End PBXFrameworksBuildPhase section */

/* Begin PBXGroup section */
		C6748E051DDC98B3007DABF7 = {
			isa = PBXGroup;
			children = (
				C6748E101DDC98B4007DABF7 /* Systembolaget */,
				C6748E281DDC98B5007DABF7 /* SystembolagetTests */,
				C6748E331DDC98B5007DABF7 /* SystembolagetUITests */,
				C6748E0F1DDC98B4007DABF7 /* Products */,
			);
			sourceTree = "<group>";
		};
		C6748E0F1DDC98B4007DABF7 /* Products */ = {
			isa = PBXGroup;
			children = (
				C6748E0E1DDC98B4007DABF7 /* Systembolaget.app */,
				C6748E251DDC98B5007DABF7 /* SystembolagetTests.xctest */,
				C6748E301DDC98B5007DABF7 /* SystembolagetUITests.xctest */,
			);
			name = Products;
			sourceTree = "<group>";
		};
		C6748E101DDC98B4007DABF7 /* Systembolaget */ = {
			isa = PBXGroup;
			children = (
				C6748E111DDC98B4007DABF7 /* AppDelegate.swift */,
				C6748E461DDC9985007DABF7 /* Model */,
				C6748E471DDC998C007DABF7 /* View */,
				C6748E451DDC9979007DABF7 /* Controller */,
				C6748E481DDC999C007DABF7 /* Storyboard */,
				C6748E491DDC99B1007DABF7 /* Resources */,
			);
			path = Systembolaget;
			sourceTree = "<group>";
		};
		C6748E281DDC98B5007DABF7 /* SystembolagetTests */ = {
			isa = PBXGroup;
			children = (
				C6748E291DDC98B5007DABF7 /* SystembolagetTests.swift */,
				C6748E2B1DDC98B5007DABF7 /* Info.plist */,
			);
			path = SystembolagetTests;
			sourceTree = "<group>";
		};
		C6748E331DDC98B5007DABF7 /* SystembolagetUITests */ = {
			isa = PBXGroup;
			children = (
				C6748E341DDC98B5007DABF7 /* SystembolagetUITests.swift */,
				C6748E361DDC98B5007DABF7 /* Info.plist */,
			);
			path = SystembolagetUITests;
			sourceTree = "<group>";
		};
		C6748E451DDC9979007DABF7 /* Controller */ = {
			isa = PBXGroup;
			children = (
				C6748E131DDC98B4007DABF7 /* ViewController.swift */,
				C60CA4541DDD1F0900A2D06D /* DetailsViewController.swift */,
			);
			name = Controller;
			sourceTree = "<group>";
		};
		C6748E461DDC9985007DABF7 /* Model */ = {
			isa = PBXGroup;
			children = (
				C6748E4A1DDC99D4007DABF7 /* Client */,
				C6748E8F1DDCBD4E007DABF7 /* Product.swift */,
			);
			name = Model;
			sourceTree = "<group>";
		};
		C6748E471DDC998C007DABF7 /* View */ = {
			isa = PBXGroup;
			children = (
			);
			name = View;
			sourceTree = "<group>";
		};
		C6748E481DDC999C007DABF7 /* Storyboard */ = {
			isa = PBXGroup;
			children = (
				C6748E151DDC98B5007DABF7 /* Main.storyboard */,
				C6748E1D1DDC98B5007DABF7 /* LaunchScreen.storyboard */,
			);
			name = Storyboard;
			sourceTree = "<group>";
		};
		C6748E491DDC99B1007DABF7 /* Resources */ = {
			isa = PBXGroup;
			children = (
				C6748E7A1DDCB04F007DABF7 /* Systembolaget-Bridging-Header.h */,
				C6748E4F1DDCA3D3007DABF7 /* Third-Party */,
				C6748E1B1DDC98B5007DABF7 /* Assets.xcassets */,
				C6748E201DDC98B5007DABF7 /* Info.plist */,
				C6748E181DDC98B5007DABF7 /* Systembolaget.xcdatamodeld */,
			);
			name = Resources;
			sourceTree = "<group>";
		};
		C6748E4A1DDC99D4007DABF7 /* Client */ = {
			isa = PBXGroup;
			children = (
				C6748E4B1DDC9A06007DABF7 /* SystembolagetClient.swift */,
				C6748E4D1DDC9B76007DABF7 /* SystembolagetClient+Constants.swift */,
			);
			name = Client;
			sourceTree = "<group>";
		};
		C6748E4F1DDCA3D3007DABF7 /* Third-Party */ = {
			isa = PBXGroup;
			children = (
				C6748E7B1DDCB478007DABF7 /* AFNetworking */,
				C6748E521DDCAF17007DABF7 /* xmldocument */,
			);
			name = "Third-Party";
			sourceTree = "<group>";
		};
		C6748E521DDCAF17007DABF7 /* xmldocument */ = {
			isa = PBXGroup;
			children = (
				C6748E541DDCAF17007DABF7 /* Extras */,
				C6748E571DDCAF17007DABF7 /* LICENSE */,
				C6748E591DDCAF17007DABF7 /* SMXMLDocument.h */,
				C6748E5A1DDCAF17007DABF7 /* SMXMLDocument.m */,
			);
			path = xmldocument;
			sourceTree = "<group>";
		};
		C6748E541DDCAF17007DABF7 /* Extras */ = {
			isa = PBXGroup;
			children = (
				C6748E551DDCAF17007DABF7 /* SMXMLDocumentResponseSerializer.h */,
				C6748E561DDCAF17007DABF7 /* SMXMLDocumentResponseSerializer.m */,
			);
			path = Extras;
			sourceTree = "<group>";
		};
		C6748E7B1DDCB478007DABF7 /* AFNetworking */ = {
			isa = PBXGroup;
			children = (
				C6748E7C1DDCB478007DABF7 /* AFHTTPSessionManager.h */,
				C6748E7D1DDCB478007DABF7 /* AFHTTPSessionManager.m */,
				C6748E7E1DDCB478007DABF7 /* AFNetworking.h */,
				C6748E7F1DDCB478007DABF7 /* AFNetworkReachabilityManager.h */,
				C6748E801DDCB478007DABF7 /* AFNetworkReachabilityManager.m */,
				C6748E811DDCB478007DABF7 /* AFSecurityPolicy.h */,
				C6748E821DDCB478007DABF7 /* AFSecurityPolicy.m */,
				C6748E831DDCB478007DABF7 /* AFURLRequestSerialization.h */,
				C6748E841DDCB478007DABF7 /* AFURLRequestSerialization.m */,
				C6748E851DDCB478007DABF7 /* AFURLResponseSerialization.h */,
				C6748E861DDCB478007DABF7 /* AFURLResponseSerialization.m */,
				C6748E871DDCB478007DABF7 /* AFURLSessionManager.h */,
				C6748E881DDCB478007DABF7 /* AFURLSessionManager.m */,
			);
			path = AFNetworking;
			sourceTree = "<group>";
		};
/* End PBXGroup section */

/* Begin PBXNativeTarget section */
		C6748E0D1DDC98B3007DABF7 /* Systembolaget */ = {
			isa = PBXNativeTarget;
			buildConfigurationList = C6748E391DDC98B5007DABF7 /* Build configuration list for PBXNativeTarget "Systembolaget" */;
			buildPhases = (
				C6748E0A1DDC98B3007DABF7 /* Sources */,
				C6748E0B1DDC98B3007DABF7 /* Frameworks */,
				C6748E0C1DDC98B3007DABF7 /* Resources */,
			);
			buildRules = (
			);
			dependencies = (
			);
			name = Systembolaget;
			productName = Systembolaget;
			productReference = C6748E0E1DDC98B4007DABF7 /* Systembolaget.app */;
			productType = "com.apple.product-type.application";
		};
		C6748E241DDC98B5007DABF7 /* SystembolagetTests */ = {
			isa = PBXNativeTarget;
			buildConfigurationList = C6748E3C1DDC98B5007DABF7 /* Build configuration list for PBXNativeTarget "SystembolagetTests" */;
			buildPhases = (
				C6748E211DDC98B5007DABF7 /* Sources */,
				C6748E221DDC98B5007DABF7 /* Frameworks */,
				C6748E231DDC98B5007DABF7 /* Resources */,
			);
			buildRules = (
			);
			dependencies = (
				C6748E271DDC98B5007DABF7 /* PBXTargetDependency */,
			);
			name = SystembolagetTests;
			productName = SystembolagetTests;
			productReference = C6748E251DDC98B5007DABF7 /* SystembolagetTests.xctest */;
			productType = "com.apple.product-type.bundle.unit-test";
		};
		C6748E2F1DDC98B5007DABF7 /* SystembolagetUITests */ = {
			isa = PBXNativeTarget;
			buildConfigurationList = C6748E3F1DDC98B5007DABF7 /* Build configuration list for PBXNativeTarget "SystembolagetUITests" */;
			buildPhases = (
				C6748E2C1DDC98B5007DABF7 /* Sources */,
				C6748E2D1DDC98B5007DABF7 /* Frameworks */,
				C6748E2E1DDC98B5007DABF7 /* Resources */,
			);
			buildRules = (
			);
			dependencies = (
				C6748E321DDC98B5007DABF7 /* PBXTargetDependency */,
			);
			name = SystembolagetUITests;
			productName = SystembolagetUITests;
			productReference = C6748E301DDC98B5007DABF7 /* SystembolagetUITests.xctest */;
			productType = "com.apple.product-type.bundle.ui-testing";
		};
/* End PBXNativeTarget section */

/* Begin PBXProject section */
		C6748E061DDC98B3007DABF7 /* Project object */ = {
			isa = PBXProject;
			attributes = {
				LastSwiftUpdateCheck = 0810;
				LastUpgradeCheck = 0810;
				ORGANIZATIONNAME = "Roberth Hansson-Tornéus";
				TargetAttributes = {
					C6748E0D1DDC98B3007DABF7 = {
						CreatedOnToolsVersion = 8.1;
						ProvisioningStyle = Automatic;
					};
					C6748E241DDC98B5007DABF7 = {
						CreatedOnToolsVersion = 8.1;
						ProvisioningStyle = Automatic;
						TestTargetID = C6748E0D1DDC98B3007DABF7;
					};
					C6748E2F1DDC98B5007DABF7 = {
						CreatedOnToolsVersion = 8.1;
						ProvisioningStyle = Automatic;
						TestTargetID = C6748E0D1DDC98B3007DABF7;
					};
				};
			};
			buildConfigurationList = C6748E091DDC98B3007DABF7 /* Build configuration list for PBXProject "Systembolaget" */;
			compatibilityVersion = "Xcode 3.2";
			developmentRegion = English;
			hasScannedForEncodings = 0;
			knownRegions = (
				en,
				Base,
			);
			mainGroup = C6748E051DDC98B3007DABF7;
			productRefGroup = C6748E0F1DDC98B4007DABF7 /* Products */;
			projectDirPath = "";
			projectRoot = "";
			targets = (
				C6748E0D1DDC98B3007DABF7 /* Systembolaget */,
				C6748E241DDC98B5007DABF7 /* SystembolagetTests */,
				C6748E2F1DDC98B5007DABF7 /* SystembolagetUITests */,
			);
		};
/* End PBXProject section */

/* Begin PBXResourcesBuildPhase section */
		C6748E0C1DDC98B3007DABF7 /* Resources */ = {
			isa = PBXResourcesBuildPhase;
			buildActionMask = 2147483647;
			files = (
				C6748E1F1DDC98B5007DABF7 /* LaunchScreen.storyboard in Resources */,
				C6748E1C1DDC98B5007DABF7 /* Assets.xcassets in Resources */,
				C6748E171DDC98B5007DABF7 /* Main.storyboard in Resources */,
				C6748E691DDCAF18007DABF7 /* LICENSE in Resources */,
			);
			runOnlyForDeploymentPostprocessing = 0;
		};
		C6748E231DDC98B5007DABF7 /* Resources */ = {
			isa = PBXResourcesBuildPhase;
			buildActionMask = 2147483647;
			files = (
			);
			runOnlyForDeploymentPostprocessing = 0;
		};
		C6748E2E1DDC98B5007DABF7 /* Resources */ = {
			isa = PBXResourcesBuildPhase;
			buildActionMask = 2147483647;
			files = (
			);
			runOnlyForDeploymentPostprocessing = 0;
		};
/* End PBXResourcesBuildPhase section */

/* Begin PBXSourcesBuildPhase section */
		C6748E0A1DDC98B3007DABF7 /* Sources */ = {
			isa = PBXSourcesBuildPhase;
			buildActionMask = 2147483647;
			files = (
				C6748E141DDC98B4007DABF7 /* ViewController.swift in Sources */,
				C6748E8A1DDCB478007DABF7 /* AFNetworkReachabilityManager.m in Sources */,
				C6748E681DDCAF18007DABF7 /* SMXMLDocumentResponseSerializer.m in Sources */,
				C6748E121DDC98B4007DABF7 /* AppDelegate.swift in Sources */,
				C6748E6B1DDCAF18007DABF7 /* SMXMLDocument.m in Sources */,
				C6748E4C1DDC9A06007DABF7 /* SystembolagetClient.swift in Sources */,
				C6748E8B1DDCB478007DABF7 /* AFSecurityPolicy.m in Sources */,
				C6748E8C1DDCB478007DABF7 /* AFURLRequestSerialization.m in Sources */,
				C6748E1A1DDC98B5007DABF7 /* Systembolaget.xcdatamodeld in Sources */,
				C6748E4E1DDC9B76007DABF7 /* SystembolagetClient+Constants.swift in Sources */,
				C6748E8D1DDCB478007DABF7 /* AFURLResponseSerialization.m in Sources */,
				C6748E8E1DDCB478007DABF7 /* AFURLSessionManager.m in Sources */,
				C6748E891DDCB478007DABF7 /* AFHTTPSessionManager.m in Sources */,
				C6748E901DDCBD4E007DABF7 /* Product.swift in Sources */,
				C60CA4551DDD1F0900A2D06D /* DetailsViewController.swift in Sources */,
			);
			runOnlyForDeploymentPostprocessing = 0;
		};
		C6748E211DDC98B5007DABF7 /* Sources */ = {
			isa = PBXSourcesBuildPhase;
			buildActionMask = 2147483647;
			files = (
				C6748E2A1DDC98B5007DABF7 /* SystembolagetTests.swift in Sources */,
			);
			runOnlyForDeploymentPostprocessing = 0;
		};
		C6748E2C1DDC98B5007DABF7 /* Sources */ = {
			isa = PBXSourcesBuildPhase;
			buildActionMask = 2147483647;
			files = (
				C6748E351DDC98B5007DABF7 /* SystembolagetUITests.swift in Sources */,
			);
			runOnlyForDeploymentPostprocessing = 0;
		};
/* End PBXSourcesBuildPhase section */

/* Begin PBXTargetDependency section */
		C6748E271DDC98B5007DABF7 /* PBXTargetDependency */ = {
			isa = PBXTargetDependency;
			target = C6748E0D1DDC98B3007DABF7 /* Systembolaget */;
			targetProxy = C6748E261DDC98B5007DABF7 /* PBXContainerItemProxy */;
		};
		C6748E321DDC98B5007DABF7 /* PBXTargetDependency */ = {
			isa = PBXTargetDependency;
			target = C6748E0D1DDC98B3007DABF7 /* Systembolaget */;
			targetProxy = C6748E311DDC98B5007DABF7 /* PBXContainerItemProxy */;
		};
/* End PBXTargetDependency section */

/* Begin PBXVariantGroup section */
		C6748E151DDC98B5007DABF7 /* Main.storyboard */ = {
			isa = PBXVariantGroup;
			children = (
				C6748E161DDC98B5007DABF7 /* Base */,
			);
			name = Main.storyboard;
			sourceTree = "<group>";
		};
		C6748E1D1DDC98B5007DABF7 /* LaunchScreen.storyboard */ = {
			isa = PBXVariantGroup;
			children = (
				C6748E1E1DDC98B5007DABF7 /* Base */,
			);
			name = LaunchScreen.storyboard;
			sourceTree = "<group>";
		};
/* End PBXVariantGroup section */

/* Begin XCBuildConfiguration section */
		C6748E371DDC98B5007DABF7 /* Debug */ = {
			isa = XCBuildConfiguration;
			buildSettings = {
				ALWAYS_SEARCH_USER_PATHS = NO;
				CLANG_ANALYZER_NONNULL = YES;
				CLANG_CXX_LANGUAGE_STANDARD = "gnu++0x";
				CLANG_CXX_LIBRARY = "libc++";
				CLANG_ENABLE_MODULES = YES;
				CLANG_ENABLE_OBJC_ARC = YES;
				CLANG_WARN_BOOL_CONVERSION = YES;
				CLANG_WARN_CONSTANT_CONVERSION = YES;
				CLANG_WARN_DIRECT_OBJC_ISA_USAGE = YES_ERROR;
				CLANG_WARN_DOCUMENTATION_COMMENTS = YES;
				CLANG_WARN_EMPTY_BODY = YES;
				CLANG_WARN_ENUM_CONVERSION = YES;
				CLANG_WARN_INFINITE_RECURSION = YES;
				CLANG_WARN_INT_CONVERSION = YES;
				CLANG_WARN_OBJC_ROOT_CLASS = YES_ERROR;
				CLANG_WARN_SUSPICIOUS_MOVES = YES;
				CLANG_WARN_UNREACHABLE_CODE = YES;
				CLANG_WARN__DUPLICATE_METHOD_MATCH = YES;
				"CODE_SIGN_IDENTITY[sdk=iphoneos*]" = "iPhone Developer";
				COPY_PHASE_STRIP = NO;
				DEBUG_INFORMATION_FORMAT = dwarf;
				ENABLE_STRICT_OBJC_MSGSEND = YES;
				ENABLE_TESTABILITY = YES;
				GCC_C_LANGUAGE_STANDARD = gnu99;
				GCC_DYNAMIC_NO_PIC = NO;
				GCC_NO_COMMON_BLOCKS = YES;
				GCC_OPTIMIZATION_LEVEL = 0;
				GCC_PREPROCESSOR_DEFINITIONS = (
					"DEBUG=1",
					"$(inherited)",
				);
				GCC_WARN_64_TO_32_BIT_CONVERSION = YES;
				GCC_WARN_ABOUT_RETURN_TYPE = YES_ERROR;
				GCC_WARN_UNDECLARED_SELECTOR = YES;
				GCC_WARN_UNINITIALIZED_AUTOS = YES_AGGRESSIVE;
				GCC_WARN_UNUSED_FUNCTION = YES;
				GCC_WARN_UNUSED_VARIABLE = YES;
				IPHONEOS_DEPLOYMENT_TARGET = 10.1;
				MTL_ENABLE_DEBUG_INFO = YES;
				ONLY_ACTIVE_ARCH = YES;
				SDKROOT = iphoneos;
				SWIFT_ACTIVE_COMPILATION_CONDITIONS = DEBUG;
				SWIFT_OPTIMIZATION_LEVEL = "-Onone";
				TARGETED_DEVICE_FAMILY = "1,2";
			};
			name = Debug;
		};
		C6748E381DDC98B5007DABF7 /* Release */ = {
			isa = XCBuildConfiguration;
			buildSettings = {
				ALWAYS_SEARCH_USER_PATHS = NO;
				CLANG_ANALYZER_NONNULL = YES;
				CLANG_CXX_LANGUAGE_STANDARD = "gnu++0x";
				CLANG_CXX_LIBRARY = "libc++";
				CLANG_ENABLE_MODULES = YES;
				CLANG_ENABLE_OBJC_ARC = YES;
				CLANG_WARN_BOOL_CONVERSION = YES;
				CLANG_WARN_CONSTANT_CONVERSION = YES;
				CLANG_WARN_DIRECT_OBJC_ISA_USAGE = YES_ERROR;
				CLANG_WARN_DOCUMENTATION_COMMENTS = YES;
				CLANG_WARN_EMPTY_BODY = YES;
				CLANG_WARN_ENUM_CONVERSION = YES;
				CLANG_WARN_INFINITE_RECURSION = YES;
				CLANG_WARN_INT_CONVERSION = YES;
				CLANG_WARN_OBJC_ROOT_CLASS = YES_ERROR;
				CLANG_WARN_SUSPICIOUS_MOVES = YES;
				CLANG_WARN_UNREACHABLE_CODE = YES;
				CLANG_WARN__DUPLICATE_METHOD_MATCH = YES;
				"CODE_SIGN_IDENTITY[sdk=iphoneos*]" = "iPhone Developer";
				COPY_PHASE_STRIP = NO;
				DEBUG_INFORMATION_FORMAT = "dwarf-with-dsym";
				ENABLE_NS_ASSERTIONS = NO;
				ENABLE_STRICT_OBJC_MSGSEND = YES;
				GCC_C_LANGUAGE_STANDARD = gnu99;
				GCC_NO_COMMON_BLOCKS = YES;
				GCC_WARN_64_TO_32_BIT_CONVERSION = YES;
				GCC_WARN_ABOUT_RETURN_TYPE = YES_ERROR;
				GCC_WARN_UNDECLARED_SELECTOR = YES;
				GCC_WARN_UNINITIALIZED_AUTOS = YES_AGGRESSIVE;
				GCC_WARN_UNUSED_FUNCTION = YES;
				GCC_WARN_UNUSED_VARIABLE = YES;
				IPHONEOS_DEPLOYMENT_TARGET = 10.1;
				MTL_ENABLE_DEBUG_INFO = NO;
				SDKROOT = iphoneos;
				SWIFT_OPTIMIZATION_LEVEL = "-Owholemodule";
				TARGETED_DEVICE_FAMILY = "1,2";
				VALIDATE_PRODUCT = YES;
			};
			name = Release;
		};
		C6748E3A1DDC98B5007DABF7 /* Debug */ = {
			isa = XCBuildConfiguration;
			buildSettings = {
				ASSETCATALOG_COMPILER_APPICON_NAME = AppIcon;
				FRAMEWORK_SEARCH_PATHS = (
					"$(inherited)",
					"$(PROJECT_DIR)",
				);
				INFOPLIST_FILE = Systembolaget/Info.plist;
				LD_RUNPATH_SEARCH_PATHS = "$(inherited) @executable_path/Frameworks";
				PRODUCT_BUNDLE_IDENTIFIER = com.gaweeweb.Systembolaget;
				PRODUCT_NAME = "$(TARGET_NAME)";
				SWIFT_OBJC_BRIDGING_HEADER = "$(SRCROOT)/$(PROJECT_NAME)/Systembolaget-Bridging-Header.h";
				SWIFT_VERSION = 3.0;
			};
			name = Debug;
		};
		C6748E3B1DDC98B5007DABF7 /* Release */ = {
			isa = XCBuildConfiguration;
			buildSettings = {
				ASSETCATALOG_COMPILER_APPICON_NAME = AppIcon;
				FRAMEWORK_SEARCH_PATHS = (
					"$(inherited)",
					"$(PROJECT_DIR)",
				);
				INFOPLIST_FILE = Systembolaget/Info.plist;
				LD_RUNPATH_SEARCH_PATHS = "$(inherited) @executable_path/Frameworks";
				PRODUCT_BUNDLE_IDENTIFIER = com.gaweeweb.Systembolaget;
				PRODUCT_NAME = "$(TARGET_NAME)";
				SWIFT_OBJC_BRIDGING_HEADER = "$(SRCROOT)/$(PROJECT_NAME)/Systembolaget-Bridging-Header.h";
				SWIFT_VERSION = 3.0;
			};
			name = Release;
		};
		C6748E3D1DDC98B5007DABF7 /* Debug */ = {
			isa = XCBuildConfiguration;
			buildSettings = {
				ALWAYS_EMBED_SWIFT_STANDARD_LIBRARIES = YES;
				BUNDLE_LOADER = "$(TEST_HOST)";
				INFOPLIST_FILE = SystembolagetTests/Info.plist;
				LD_RUNPATH_SEARCH_PATHS = "$(inherited) @executable_path/Frameworks @loader_path/Frameworks";
				PRODUCT_BUNDLE_IDENTIFIER = com.gaweeweb.SystembolagetTests;
				PRODUCT_NAME = "$(TARGET_NAME)";
				SWIFT_VERSION = 3.0;
				TEST_HOST = "$(BUILT_PRODUCTS_DIR)/Systembolaget.app/Systembolaget";
			};
			name = Debug;
		};
		C6748E3E1DDC98B5007DABF7 /* Release */ = {
			isa = XCBuildConfiguration;
			buildSettings = {
				ALWAYS_EMBED_SWIFT_STANDARD_LIBRARIES = YES;
				BUNDLE_LOADER = "$(TEST_HOST)";
				INFOPLIST_FILE = SystembolagetTests/Info.plist;
				LD_RUNPATH_SEARCH_PATHS = "$(inherited) @executable_path/Frameworks @loader_path/Frameworks";
				PRODUCT_BUNDLE_IDENTIFIER = com.gaweeweb.SystembolagetTests;
				PRODUCT_NAME = "$(TARGET_NAME)";
				SWIFT_VERSION = 3.0;
				TEST_HOST = "$(BUILT_PRODUCTS_DIR)/Systembolaget.app/Systembolaget";
			};
			name = Release;
		};
		C6748E401DDC98B5007DABF7 /* Debug */ = {
			isa = XCBuildConfiguration;
			buildSettings = {
				ALWAYS_EMBED_SWIFT_STANDARD_LIBRARIES = YES;
				INFOPLIST_FILE = SystembolagetUITests/Info.plist;
				LD_RUNPATH_SEARCH_PATHS = "$(inherited) @executable_path/Frameworks @loader_path/Frameworks";
				PRODUCT_BUNDLE_IDENTIFIER = com.gaweeweb.SystembolagetUITests;
				PRODUCT_NAME = "$(TARGET_NAME)";
				SWIFT_VERSION = 3.0;
				TEST_TARGET_NAME = Systembolaget;
			};
			name = Debug;
		};
		C6748E411DDC98B5007DABF7 /* Release */ = {
			isa = XCBuildConfiguration;
			buildSettings = {
				ALWAYS_EMBED_SWIFT_STANDARD_LIBRARIES = YES;
				INFOPLIST_FILE = SystembolagetUITests/Info.plist;
				LD_RUNPATH_SEARCH_PATHS = "$(inherited) @executable_path/Frameworks @loader_path/Frameworks";
				PRODUCT_BUNDLE_IDENTIFIER = com.gaweeweb.SystembolagetUITests;
				PRODUCT_NAME = "$(TARGET_NAME)";
				SWIFT_VERSION = 3.0;
				TEST_TARGET_NAME = Systembolaget;
			};
			name = Release;
		};
/* End XCBuildConfiguration section */

/* Begin XCConfigurationList section */
		C6748E091DDC98B3007DABF7 /* Build configuration list for PBXProject "Systembolaget" */ = {
			isa = XCConfigurationList;
			buildConfigurations = (
				C6748E371DDC98B5007DABF7 /* Debug */,
				C6748E381DDC98B5007DABF7 /* Release */,
			);
			defaultConfigurationIsVisible = 0;
			defaultConfigurationName = Release;
		};
		C6748E391DDC98B5007DABF7 /* Build configuration list for PBXNativeTarget "Systembolaget" */ = {
			isa = XCConfigurationList;
			buildConfigurations = (
				C6748E3A1DDC98B5007DABF7 /* Debug */,
				C6748E3B1DDC98B5007DABF7 /* Release */,
			);
			defaultConfigurationIsVisible = 0;
			defaultConfigurationName = Release;
		};
		C6748E3C1DDC98B5007DABF7 /* Build configuration list for PBXNativeTarget "SystembolagetTests" */ = {
			isa = XCConfigurationList;
			buildConfigurations = (
				C6748E3D1DDC98B5007DABF7 /* Debug */,
				C6748E3E1DDC98B5007DABF7 /* Release */,
			);
			defaultConfigurationIsVisible = 0;
			defaultConfigurationName = Release;
		};
		C6748E3F1DDC98B5007DABF7 /* Build configuration list for PBXNativeTarget "SystembolagetUITests" */ = {
			isa = XCConfigurationList;
			buildConfigurations = (
				C6748E401DDC98B5007DABF7 /* Debug */,
				C6748E411DDC98B5007DABF7 /* Release */,
			);
			defaultConfigurationIsVisible = 0;
			defaultConfigurationName = Release;
		};
/* End XCConfigurationList section */

/* Begin XCVersionGroup section */
		C6748E181DDC98B5007DABF7 /* Systembolaget.xcdatamodeld */ = {
			isa = XCVersionGroup;
			children = (
				C6748E191DDC98B5007DABF7 /* Systembolaget.xcdatamodel */,
			);
			currentVersion = C6748E191DDC98B5007DABF7 /* Systembolaget.xcdatamodel */;
			path = Systembolaget.xcdatamodeld;
			sourceTree = "<group>";
			versionGroupType = wrapper.xcdatamodel;
		};
/* End XCVersionGroup section */
	};
	rootObject = C6748E061DDC98B3007DABF7 /* Project object */;
}
